
Microsoft Visual Studio Solution File, Format Version 9.00
# Visual Studio 2005
Project("{F184B08F-C81C-45F6-A57F-5ABD9991F28F}") = "DotNetTurk.Exceptions", "DotNetTurk.Exceptions\DotNetTurk.Exceptions.vbproj", "{265A7B67-48F0-4097-9FB2-1BB0C1F50C02}"
EndProject
Project("{F184B08F-C81C-45F6-A57F-5ABD9991F28F}") = "DotNetTurk.Sample.Windows", "DotNetTurk.Sample.Windows\DotNetTurk.Sample.Windows.vbproj", "{D90BF701-E230-4F53-841D-0AE5DA6C72D3}"
EndProject
Global
	GlobalSection(SolutionConfigurationPlatforms) = preSolution
		Debug|Any CPU = Debug|Any CPU
		Release|Any CPU = Release|Any CPU
	EndGlobalSection
	GlobalSection(ProjectConfigurationPlatforms) = postSolution
		{265A7B67-48F0-4097-9FB2-1BB0C1F50C02}.Debug|Any CPU.ActiveCfg = Debug|Any CPU
		{265A7B67-48F0-4097-9FB2-1BB0C1F50C02}.Debug|Any CPU.Build.0 = Debug|Any CPU
		{265A7B67-48F0-4097-9FB2-1BB0C1F50C02}.Release|Any CPU.ActiveCfg = Release|Any CPU
		{265A7B67-48F0-4097-9FB2-1BB0C1F50C02}.Release|Any CPU.Build.0 = Release|Any CPU
		{D90BF701-E230-4F53-841D-0AE5DA6C72D3}.Debug|Any CPU.ActiveCfg = Debug|Any CPU
		{D90BF701-E230-4F53-841D-0AE5DA6C72D3}.Debug|Any CPU.Build.0 = Debug|Any CPU
		{D90BF701-E230-4F53-841D-0AE5DA6C72D3}.Release|Any CPU.ActiveCfg = Release|Any CPU
		{D90BF701-E230-4F53-841D-0AE5DA6C72D3}.Release|Any CPU.Build.0 = Release|Any CPU
	EndGlobalSection
	GlobalSection(SolutionProperties) = preSolution
		HideSolutionNode = FALSE
	EndGlobalSection
EndGlobal
