
Microsoft Visual Studio Solution File, Format Version 9.00
# Visual Studio 2005
Project("{F184B08F-C81C-45F6-A57F-5ABD9991F28F}") = "Abc.Tipler", "..\Abc\Abc.Tipler\Abc.Tipler.vbproj", "{27CD46BC-442A-4366-988E-7C0428E4C328}"
EndProject
Project("{F184B08F-C81C-45F6-A57F-5ABD9991F28F}") = "C", "C\C.vbproj", "{A1AD3B8C-2C6E-4A05-BEB5-DB1E3A8B91B8}"
EndProject
Global
	GlobalSection(SolutionConfigurationPlatforms) = preSolution
		Debug|Any CPU = Debug|Any CPU
		Release|Any CPU = Release|Any CPU
	EndGlobalSection
	GlobalSection(ProjectConfigurationPlatforms) = postSolution
		{27CD46BC-442A-4366-988E-7C0428E4C328}.Debug|Any CPU.ActiveCfg = Debug|Any CPU
		{27CD46BC-442A-4366-988E-7C0428E4C328}.Debug|Any CPU.Build.0 = Debug|Any CPU
		{27CD46BC-442A-4366-988E-7C0428E4C328}.Release|Any CPU.ActiveCfg = Release|Any CPU
		{27CD46BC-442A-4366-988E-7C0428E4C328}.Release|Any CPU.Build.0 = Release|Any CPU
		{A1AD3B8C-2C6E-4A05-BEB5-DB1E3A8B91B8}.Debug|Any CPU.ActiveCfg = Debug|Any CPU
		{A1AD3B8C-2C6E-4A05-BEB5-DB1E3A8B91B8}.Debug|Any CPU.Build.0 = Debug|Any CPU
		{A1AD3B8C-2C6E-4A05-BEB5-DB1E3A8B91B8}.Release|Any CPU.ActiveCfg = Release|Any CPU
		{A1AD3B8C-2C6E-4A05-BEB5-DB1E3A8B91B8}.Release|Any CPU.Build.0 = Release|Any CPU
	EndGlobalSection
	GlobalSection(SolutionProperties) = preSolution
		HideSolutionNode = FALSE
	EndGlobalSection
EndGlobal
